
Microsoft Visual Studio Solution File, Format Version 12.00
# Visual Studio Version 17
VisualStudioVersion = 17.12.35323.107
MinimumVisualStudioVersion = 10.0.40219.1
Project("{FAE04EC0-301F-11D3-BF4B-00C04F79EFBC}") = "DemoUnitOrWork", "DemoUnitOrWork\DemoUnitOrWork.csproj", "{FA36D034-F5C2-4994-B10A-534333F307B4}"
EndProject
Global
	GlobalSection(SolutionConfigurationPlatforms) = preSolution
		Debug|Any CPU = Debug|Any CPU
		Release|Any CPU = Release|Any CPU
	EndGlobalSection
	GlobalSection(ProjectConfigurationPlatforms) = postSolution
		{FA36D034-F5C2-4994-B10A-534333F307B4}.Debug|Any CPU.ActiveCfg = Debug|Any CPU
		{FA36D034-F5C2-4994-B10A-534333F307B4}.Debug|Any CPU.Build.0 = Debug|Any CPU
		{FA36D034-F5C2-4994-B10A-534333F307B4}.Release|Any CPU.ActiveCfg = Release|Any CPU
		{FA36D034-F5C2-4994-B10A-534333F307B4}.Release|Any CPU.Build.0 = Release|Any CPU
	EndGlobalSection
	GlobalSection(SolutionProperties) = preSolution
		HideSolutionNode = FALSE
	EndGlobalSection
	GlobalSection(ExtensibilityGlobals) = postSolution
		SolutionGuid = {BBD80A63-4BDB-4BBC-8146-DCFA03DFB09B}
	EndGlobalSection
EndGlobal
